
Microsoft Visual Studio Solution File, Format Version 12.00
# Visual Studio Version 16
VisualStudioVersion = 16.0.31105.61
MinimumVisualStudioVersion = 10.0.40219.1
Project("{9A19103F-16F7-4668-BE54-9A1E7A4F7556}") = "01OddLines", "01\01OddLines.csproj", "{D999FE78-B127-4457-8FD1-21CA633150B0}"
EndProject
Project("{9A19103F-16F7-4668-BE54-9A1E7A4F7556}") = "02.LineNumbers", "02.LineNumbers\02.LineNumbers.csproj", "{4D6E5915-1E2D-417F-98AF-9A1B208355C0}"
EndProject
Project("{FAE04EC0-301F-11D3-BF4B-00C04F79EFBC}") = "05.SliceFile", "05.SliceFile\05.SliceFile.csproj", "{5B78196A-5913-4276-A102-E782B1393644}"
EndProject
Global
	GlobalSection(SolutionConfigurationPlatforms) = preSolution
		Debug|Any CPU = Debug|Any CPU
		Release|Any CPU = Release|Any CPU
	EndGlobalSection
	GlobalSection(ProjectConfigurationPlatforms) = postSolution
		{D999FE78-B127-4457-8FD1-21CA633150B0}.Debug|Any CPU.ActiveCfg = Debug|Any CPU
		{D999FE78-B127-4457-8FD1-21CA633150B0}.Debug|Any CPU.Build.0 = Debug|Any CPU
		{D999FE78-B127-4457-8FD1-21CA633150B0}.Release|Any CPU.ActiveCfg = Release|Any CPU
		{D999FE78-B127-4457-8FD1-21CA633150B0}.Release|Any CPU.Build.0 = Release|Any CPU
		{4D6E5915-1E2D-417F-98AF-9A1B208355C0}.Debug|Any CPU.ActiveCfg = Debug|Any CPU
		{4D6E5915-1E2D-417F-98AF-9A1B208355C0}.Debug|Any CPU.Build.0 = Debug|Any CPU
		{4D6E5915-1E2D-417F-98AF-9A1B208355C0}.Release|Any CPU.ActiveCfg = Release|Any CPU
		{4D6E5915-1E2D-417F-98AF-9A1B208355C0}.Release|Any CPU.Build.0 = Release|Any CPU
		{5B78196A-5913-4276-A102-E782B1393644}.Debug|Any CPU.ActiveCfg = Debug|Any CPU
		{5B78196A-5913-4276-A102-E782B1393644}.Debug|Any CPU.Build.0 = Debug|Any CPU
		{5B78196A-5913-4276-A102-E782B1393644}.Release|Any CPU.ActiveCfg = Release|Any CPU
		{5B78196A-5913-4276-A102-E782B1393644}.Release|Any CPU.Build.0 = Release|Any CPU
	EndGlobalSection
	GlobalSection(SolutionProperties) = preSolution
		HideSolutionNode = FALSE
	EndGlobalSection
	GlobalSection(ExtensibilityGlobals) = postSolution
		SolutionGuid = {C8139A16-8F3B-4AD5-97F3-DC352F2BD109}
	EndGlobalSection
EndGlobal
