
Microsoft Visual Studio Solution File, Format Version 12.00
# Visual Studio Version 16
VisualStudioVersion = 16.0.31105.61
MinimumVisualStudioVersion = 10.0.40219.1
Project("{9A19103F-16F7-4668-BE54-9A1E7A4F7556}") = "1.DiagonalDifference", "1.DiagonalDifference\1.DiagonalDifference.csproj", "{CE6392AE-41CF-41A0-A82C-DFD5F7C2A379}"
EndProject
Project("{9A19103F-16F7-4668-BE54-9A1E7A4F7556}") = "2.SquaresInMatrix", "2.SquaresInMatrix\2.SquaresInMatrix.csproj", "{96735428-4170-44C7-8AB7-5631ED013F92}"
EndProject
Project("{9A19103F-16F7-4668-BE54-9A1E7A4F7556}") = "3.MaximalSum", "3.MaximalSum\3.MaximalSum.csproj", "{B4A995FF-B215-4914-AD23-5A6602B3DBCD}"
EndProject
Project("{9A19103F-16F7-4668-BE54-9A1E7A4F7556}") = "4.MatrixShuffling", "4.MatrixShuffling\4.MatrixShuffling.csproj", "{989282BA-EA4D-4AD3-8435-58E31F68C7E8}"
EndProject
Project("{9A19103F-16F7-4668-BE54-9A1E7A4F7556}") = "5.SnakeMoves", "5.SnakeMoves\5.SnakeMoves.csproj", "{CE970093-82AF-470D-8ADD-D765B27E81C0}"
EndProject
Project("{FAE04EC0-301F-11D3-BF4B-00C04F79EFBC}") = "6.JaggedArrayManipulator", "6.JaggedArrayManipulator\6.JaggedArrayManipulator.csproj", "{16B92A26-952E-4298-9E81-2F7F811579CA}"
EndProject
Project("{FAE04EC0-301F-11D3-BF4B-00C04F79EFBC}") = "7.KnightGame", "7.KnightGame\7.KnightGame.csproj", "{6BAF3117-B242-4E5E-851E-85F165BC6772}"
EndProject
Project("{FAE04EC0-301F-11D3-BF4B-00C04F79EFBC}") = "8.Bombs", "8.Bombs\8.Bombs.csproj", "{F19761F6-2A4E-4B30-A5A0-BD3922EE6938}"
EndProject
Project("{FAE04EC0-301F-11D3-BF4B-00C04F79EFBC}") = "9.Miner", "9.Miner\9.Miner.csproj", "{FBE547B5-BFE4-4D41-BC51-0F2F39E47299}"
EndProject
Project("{FAE04EC0-301F-11D3-BF4B-00C04F79EFBC}") = "10.RadioactiveMutantVampireBunnies", "10.RadioactiveMutantVampireBunnies\10.RadioactiveMutantVampireBunnies.csproj", "{193BAD17-46A5-4F02-9800-BE59CD5DAF74}"
EndProject
Global
	GlobalSection(SolutionConfigurationPlatforms) = preSolution
		Debug|Any CPU = Debug|Any CPU
		Release|Any CPU = Release|Any CPU
	EndGlobalSection
	GlobalSection(ProjectConfigurationPlatforms) = postSolution
		{CE6392AE-41CF-41A0-A82C-DFD5F7C2A379}.Debug|Any CPU.ActiveCfg = Debug|Any CPU
		{CE6392AE-41CF-41A0-A82C-DFD5F7C2A379}.Debug|Any CPU.Build.0 = Debug|Any CPU
		{CE6392AE-41CF-41A0-A82C-DFD5F7C2A379}.Release|Any CPU.ActiveCfg = Release|Any CPU
		{CE6392AE-41CF-41A0-A82C-DFD5F7C2A379}.Release|Any CPU.Build.0 = Release|Any CPU
		{96735428-4170-44C7-8AB7-5631ED013F92}.Debug|Any CPU.ActiveCfg = Debug|Any CPU
		{96735428-4170-44C7-8AB7-5631ED013F92}.Debug|Any CPU.Build.0 = Debug|Any CPU
		{96735428-4170-44C7-8AB7-5631ED013F92}.Release|Any CPU.ActiveCfg = Release|Any CPU
		{96735428-4170-44C7-8AB7-5631ED013F92}.Release|Any CPU.Build.0 = Release|Any CPU
		{B4A995FF-B215-4914-AD23-5A6602B3DBCD}.Debug|Any CPU.ActiveCfg = Debug|Any CPU
		{B4A995FF-B215-4914-AD23-5A6602B3DBCD}.Debug|Any CPU.Build.0 = Debug|Any CPU
		{B4A995FF-B215-4914-AD23-5A6602B3DBCD}.Release|Any CPU.ActiveCfg = Release|Any CPU
		{B4A995FF-B215-4914-AD23-5A6602B3DBCD}.Release|Any CPU.Build.0 = Release|Any CPU
		{989282BA-EA4D-4AD3-8435-58E31F68C7E8}.Debug|Any CPU.ActiveCfg = Debug|Any CPU
		{989282BA-EA4D-4AD3-8435-58E31F68C7E8}.Debug|Any CPU.Build.0 = Debug|Any CPU
		{989282BA-EA4D-4AD3-8435-58E31F68C7E8}.Release|Any CPU.ActiveCfg = Release|Any CPU
		{989282BA-EA4D-4AD3-8435-58E31F68C7E8}.Release|Any CPU.Build.0 = Release|Any CPU
		{CE970093-82AF-470D-8ADD-D765B27E81C0}.Debug|Any CPU.ActiveCfg = Debug|Any CPU
		{CE970093-82AF-470D-8ADD-D765B27E81C0}.Debug|Any CPU.Build.0 = Debug|Any CPU
		{CE970093-82AF-470D-8ADD-D765B27E81C0}.Release|Any CPU.ActiveCfg = Release|Any CPU
		{CE970093-82AF-470D-8ADD-D765B27E81C0}.Release|Any CPU.Build.0 = Release|Any CPU
		{16B92A26-952E-4298-9E81-2F7F811579CA}.Debug|Any CPU.ActiveCfg = Debug|Any CPU
		{16B92A26-952E-4298-9E81-2F7F811579CA}.Debug|Any CPU.Build.0 = Debug|Any CPU
		{16B92A26-952E-4298-9E81-2F7F811579CA}.Release|Any CPU.ActiveCfg = Release|Any CPU
		{16B92A26-952E-4298-9E81-2F7F811579CA}.Release|Any CPU.Build.0 = Release|Any CPU
		{6BAF3117-B242-4E5E-851E-85F165BC6772}.Debug|Any CPU.ActiveCfg = Debug|Any CPU
		{6BAF3117-B242-4E5E-851E-85F165BC6772}.Debug|Any CPU.Build.0 = Debug|Any CPU
		{6BAF3117-B242-4E5E-851E-85F165BC6772}.Release|Any CPU.ActiveCfg = Release|Any CPU
		{6BAF3117-B242-4E5E-851E-85F165BC6772}.Release|Any CPU.Build.0 = Release|Any CPU
		{F19761F6-2A4E-4B30-A5A0-BD3922EE6938}.Debug|Any CPU.ActiveCfg = Debug|Any CPU
		{F19761F6-2A4E-4B30-A5A0-BD3922EE6938}.Debug|Any CPU.Build.0 = Debug|Any CPU
		{F19761F6-2A4E-4B30-A5A0-BD3922EE6938}.Release|Any CPU.ActiveCfg = Release|Any CPU
		{F19761F6-2A4E-4B30-A5A0-BD3922EE6938}.Release|Any CPU.Build.0 = Release|Any CPU
		{FBE547B5-BFE4-4D41-BC51-0F2F39E47299}.Debug|Any CPU.ActiveCfg = Debug|Any CPU
		{FBE547B5-BFE4-4D41-BC51-0F2F39E47299}.Debug|Any CPU.Build.0 = Debug|Any CPU
		{FBE547B5-BFE4-4D41-BC51-0F2F39E47299}.Release|Any CPU.ActiveCfg = Release|Any CPU
		{FBE547B5-BFE4-4D41-BC51-0F2F39E47299}.Release|Any CPU.Build.0 = Release|Any CPU
		{193BAD17-46A5-4F02-9800-BE59CD5DAF74}.Debug|Any CPU.ActiveCfg = Debug|Any CPU
		{193BAD17-46A5-4F02-9800-BE59CD5DAF74}.Debug|Any CPU.Build.0 = Debug|Any CPU
		{193BAD17-46A5-4F02-9800-BE59CD5DAF74}.Release|Any CPU.ActiveCfg = Release|Any CPU
		{193BAD17-46A5-4F02-9800-BE59CD5DAF74}.Release|Any CPU.Build.0 = Release|Any CPU
	EndGlobalSection
	GlobalSection(SolutionProperties) = preSolution
		HideSolutionNode = FALSE
	EndGlobalSection
	GlobalSection(ExtensibilityGlobals) = postSolution
		SolutionGuid = {981BF376-2BB9-464A-B539-335B17F85B34}
	EndGlobalSection
EndGlobal
