
Microsoft Visual Studio Solution File, Format Version 12.00
# Visual Studio Version 16
VisualStudioVersion = 16.0.31105.61
MinimumVisualStudioVersion = 10.0.40219.1
Project("{FAE04EC0-301F-11D3-BF4B-00C04F79EFBC}") = "FinalExam", "FinalExam\FinalExam.csproj", "{75BE591A-3D76-4275-940E-0BAEC8BFCF72}"
EndProject
Project("{FAE04EC0-301F-11D3-BF4B-00C04F79EFBC}") = "ConsoleApp1", "ConsoleApp1\ConsoleApp1.csproj", "{2AF3EBB8-299C-4185-899B-8CF13EC24E22}"
EndProject
Global
	GlobalSection(SolutionConfigurationPlatforms) = preSolution
		Debug|Any CPU = Debug|Any CPU
		Release|Any CPU = Release|Any CPU
	EndGlobalSection
	GlobalSection(ProjectConfigurationPlatforms) = postSolution
		{75BE591A-3D76-4275-940E-0BAEC8BFCF72}.Debug|Any CPU.ActiveCfg = Debug|Any CPU
		{75BE591A-3D76-4275-940E-0BAEC8BFCF72}.Debug|Any CPU.Build.0 = Debug|Any CPU
		{75BE591A-3D76-4275-940E-0BAEC8BFCF72}.Release|Any CPU.ActiveCfg = Release|Any CPU
		{75BE591A-3D76-4275-940E-0BAEC8BFCF72}.Release|Any CPU.Build.0 = Release|Any CPU
		{2AF3EBB8-299C-4185-899B-8CF13EC24E22}.Debug|Any CPU.ActiveCfg = Debug|Any CPU
		{2AF3EBB8-299C-4185-899B-8CF13EC24E22}.Debug|Any CPU.Build.0 = Debug|Any CPU
		{2AF3EBB8-299C-4185-899B-8CF13EC24E22}.Release|Any CPU.ActiveCfg = Release|Any CPU
		{2AF3EBB8-299C-4185-899B-8CF13EC24E22}.Release|Any CPU.Build.0 = Release|Any CPU
	EndGlobalSection
	GlobalSection(SolutionProperties) = preSolution
		HideSolutionNode = FALSE
	EndGlobalSection
	GlobalSection(ExtensibilityGlobals) = postSolution
		SolutionGuid = {75F9C9C9-1183-4019-A650-59C602C991A2}
	EndGlobalSection
EndGlobal
