
Microsoft Visual Studio Solution File, Format Version 12.00
# Visual Studio Version 16
VisualStudioVersion = 16.0.31410.357
MinimumVisualStudioVersion = 10.0.40219.1
Project("{FAE04EC0-301F-11D3-BF4B-00C04F79EFBC}") = "01.ListyIterator", "01.ListyIterator\01.ListyIterator.csproj", "{93334845-7F18-4DA2-9835-98C8246C7175}"
EndProject
Global
	GlobalSection(SolutionConfigurationPlatforms) = preSolution
		Debug|Any CPU = Debug|Any CPU
		Release|Any CPU = Release|Any CPU
	EndGlobalSection
	GlobalSection(ProjectConfigurationPlatforms) = postSolution
		{93334845-7F18-4DA2-9835-98C8246C7175}.Debug|Any CPU.ActiveCfg = Debug|Any CPU
		{93334845-7F18-4DA2-9835-98C8246C7175}.Debug|Any CPU.Build.0 = Debug|Any CPU
		{93334845-7F18-4DA2-9835-98C8246C7175}.Release|Any CPU.ActiveCfg = Release|Any CPU
		{93334845-7F18-4DA2-9835-98C8246C7175}.Release|Any CPU.Build.0 = Release|Any CPU
	EndGlobalSection
	GlobalSection(SolutionProperties) = preSolution
		HideSolutionNode = FALSE
	EndGlobalSection
	GlobalSection(ExtensibilityGlobals) = postSolution
		SolutionGuid = {54B3AA52-2F3D-4EC7-BDAE-2EF455A54325}
	EndGlobalSection
EndGlobal
