
Microsoft Visual Studio Solution File, Format Version 12.00
# Visual Studio Version 16
VisualStudioVersion = 16.0.30709.132
MinimumVisualStudioVersion = 10.0.40219.1
Project("{FAE04EC0-301F-11D3-BF4B-00C04F79EFBC}") = "01.NumberPyramid", "01.NumberPyramid\01.NumberPyramid.csproj", "{042190BE-381B-4AD6-B86E-1542392B224B}"
EndProject
Project("{FAE04EC0-301F-11D3-BF4B-00C04F79EFBC}") = "02.EqualSumsEvenOddPosition", "02.EqualSumsEvenOddPosition\02.EqualSumsEvenOddPosition.csproj", "{969A2FDA-41F2-4F9E-9D6B-11FB4DEF53B3}"
EndProject
Project("{FAE04EC0-301F-11D3-BF4B-00C04F79EFBC}") = "03.SumPrimeNonPrime", "03.SumPrimeNonPrime\03.SumPrimeNonPrime.csproj", "{BB725331-E4A2-414E-BAA8-2A96A1780B26}"
EndProject
Project("{FAE04EC0-301F-11D3-BF4B-00C04F79EFBC}") = "04.TrainTheTrainers", "04.TrainTheTrainers\04.TrainTheTrainers.csproj", "{78120DF5-321C-4ED4-BACE-E18021D6B11C}"
EndProject
Project("{FAE04EC0-301F-11D3-BF4B-00C04F79EFBC}") = "05.PasswordGenerator", "05.PasswordGenerator\05.PasswordGenerator.csproj", "{2770E17A-231E-46A1-9E81-D8DFF0A98C95}"
EndProject
Project("{FAE04EC0-301F-11D3-BF4B-00C04F79EFBC}") = "06.SpecialNumbers", "06.SpecialNumbers\06.SpecialNumbers.csproj", "{A3FBBDDE-9F8A-4E8B-88E7-D5E2B7EA28E4}"
EndProject
Global
	GlobalSection(SolutionConfigurationPlatforms) = preSolution
		Debug|Any CPU = Debug|Any CPU
		Release|Any CPU = Release|Any CPU
	EndGlobalSection
	GlobalSection(ProjectConfigurationPlatforms) = postSolution
		{042190BE-381B-4AD6-B86E-1542392B224B}.Debug|Any CPU.ActiveCfg = Debug|Any CPU
		{042190BE-381B-4AD6-B86E-1542392B224B}.Debug|Any CPU.Build.0 = Debug|Any CPU
		{042190BE-381B-4AD6-B86E-1542392B224B}.Release|Any CPU.ActiveCfg = Release|Any CPU
		{042190BE-381B-4AD6-B86E-1542392B224B}.Release|Any CPU.Build.0 = Release|Any CPU
		{969A2FDA-41F2-4F9E-9D6B-11FB4DEF53B3}.Debug|Any CPU.ActiveCfg = Debug|Any CPU
		{969A2FDA-41F2-4F9E-9D6B-11FB4DEF53B3}.Debug|Any CPU.Build.0 = Debug|Any CPU
		{969A2FDA-41F2-4F9E-9D6B-11FB4DEF53B3}.Release|Any CPU.ActiveCfg = Release|Any CPU
		{969A2FDA-41F2-4F9E-9D6B-11FB4DEF53B3}.Release|Any CPU.Build.0 = Release|Any CPU
		{BB725331-E4A2-414E-BAA8-2A96A1780B26}.Debug|Any CPU.ActiveCfg = Debug|Any CPU
		{BB725331-E4A2-414E-BAA8-2A96A1780B26}.Debug|Any CPU.Build.0 = Debug|Any CPU
		{BB725331-E4A2-414E-BAA8-2A96A1780B26}.Release|Any CPU.ActiveCfg = Release|Any CPU
		{BB725331-E4A2-414E-BAA8-2A96A1780B26}.Release|Any CPU.Build.0 = Release|Any CPU
		{78120DF5-321C-4ED4-BACE-E18021D6B11C}.Debug|Any CPU.ActiveCfg = Debug|Any CPU
		{78120DF5-321C-4ED4-BACE-E18021D6B11C}.Debug|Any CPU.Build.0 = Debug|Any CPU
		{78120DF5-321C-4ED4-BACE-E18021D6B11C}.Release|Any CPU.ActiveCfg = Release|Any CPU
		{78120DF5-321C-4ED4-BACE-E18021D6B11C}.Release|Any CPU.Build.0 = Release|Any CPU
		{2770E17A-231E-46A1-9E81-D8DFF0A98C95}.Debug|Any CPU.ActiveCfg = Debug|Any CPU
		{2770E17A-231E-46A1-9E81-D8DFF0A98C95}.Debug|Any CPU.Build.0 = Debug|Any CPU
		{2770E17A-231E-46A1-9E81-D8DFF0A98C95}.Release|Any CPU.ActiveCfg = Release|Any CPU
		{2770E17A-231E-46A1-9E81-D8DFF0A98C95}.Release|Any CPU.Build.0 = Release|Any CPU
		{A3FBBDDE-9F8A-4E8B-88E7-D5E2B7EA28E4}.Debug|Any CPU.ActiveCfg = Debug|Any CPU
		{A3FBBDDE-9F8A-4E8B-88E7-D5E2B7EA28E4}.Debug|Any CPU.Build.0 = Debug|Any CPU
		{A3FBBDDE-9F8A-4E8B-88E7-D5E2B7EA28E4}.Release|Any CPU.ActiveCfg = Release|Any CPU
		{A3FBBDDE-9F8A-4E8B-88E7-D5E2B7EA28E4}.Release|Any CPU.Build.0 = Release|Any CPU
	EndGlobalSection
	GlobalSection(SolutionProperties) = preSolution
		HideSolutionNode = FALSE
	EndGlobalSection
	GlobalSection(ExtensibilityGlobals) = postSolution
		SolutionGuid = {12737F50-2BAC-422A-BB46-5BA1379FBD7C}
	EndGlobalSection
EndGlobal
